// !$*UTF8*$!
{
	archiveVersion = 1;
	classes = {
	};
	objectVersion = 51;
	objects = {

/* Begin PBXBuildFile section */
		448CE5EA09339FAA15FCB838 /* Pods_FDLSample.framework in Frameworks */ = {isa = PBXBuildFile; fileRef = 6852102D37BFD9DBEF7B158C /* Pods_FDLSample.framework */; };
		49C2550423F26C6A00B6A3AD /* AppDelegate.swift in Sources */ = {isa = PBXBuildFile; fileRef = 49C2550323F26C6A00B6A3AD /* AppDelegate.swift */; };
		49C2550623F26C6A00B6A3AD /* SceneDelegate.swift in Sources */ = {isa = PBXBuildFile; fileRef = 49C2550523F26C6A00B6A3AD /* SceneDelegate.swift */; };
		49C2550823F26C6A00B6A3AD /* ViewController.swift in Sources */ = {isa = PBXBuildFile; fileRef = 49C2550723F26C6A00B6A3AD /* ViewController.swift */; };
		49C2550B23F26C6A00B6A3AD /* Main.storyboard in Resources */ = {isa = PBXBuildFile; fileRef = 49C2550923F26C6A00B6A3AD /* Main.storyboard */; };
		49C2550D23F26C6C00B6A3AD /* Assets.xcassets in Resources */ = {isa = PBXBuildFile; fileRef = 49C2550C23F26C6C00B6A3AD /* Assets.xcassets */; };
		49C2551023F26C6C00B6A3AD /* LaunchScreen.storyboard in Resources */ = {isa = PBXBuildFile; fileRef = 49C2550E23F26C6C00B6A3AD /* LaunchScreen.storyboard */; };
		49C2551C23F2771A00B6A3AD /* GoogleService-Info.plist in Resources */ = {isa = PBXBuildFile; fileRef = 49C2551B23F2771A00B6A3AD /* GoogleService-Info.plist */; };
/* End PBXBuildFile section */

/* Begin PBXFileReference section */
		01E245F0606DAF19A149068E /* Pods-FDLSample.release.xcconfig */ = {isa = PBXFileReference; includeInIndex = 1; lastKnownFileType = text.xcconfig; name = "Pods-FDLSample.release.xcconfig"; path = "Target Support Files/Pods-FDLSample/Pods-FDLSample.release.xcconfig"; sourceTree = "<group>"; };
		0C18A340FA469F2EDF19A804 /* Pods-FDLSample.debug.xcconfig */ = {isa = PBXFileReference; includeInIndex = 1; lastKnownFileType = text.xcconfig; name = "Pods-FDLSample.debug.xcconfig"; path = "Target Support Files/Pods-FDLSample/Pods-FDLSample.debug.xcconfig"; sourceTree = "<group>"; };
		49C2550023F26C6A00B6A3AD /* FDLSample.app */ = {isa = PBXFileReference; explicitFileType = wrapper.application; includeInIndex = 0; path = FDLSample.app; sourceTree = BUILT_PRODUCTS_DIR; };
		49C2550323F26C6A00B6A3AD /* AppDelegate.swift */ = {isa = PBXFileReference; lastKnownFileType = sourcecode.swift; path = AppDelegate.swift; sourceTree = "<group>"; };
		49C2550523F26C6A00B6A3AD /* SceneDelegate.swift */ = {isa = PBXFileReference; lastKnownFileType = sourcecode.swift; path = SceneDelegate.swift; sourceTree = "<group>"; };
		49C2550723F26C6A00B6A3AD /* ViewController.swift */ = {isa = PBXFileReference; lastKnownFileType = sourcecode.swift; path = ViewController.swift; sourceTree = "<group>"; };
		49C2550A23F26C6A00B6A3AD /* Base */ = {isa = PBXFileReference; lastKnownFileType = file.storyboard; name = Base; path = Base.lproj/Main.storyboard; sourceTree = "<group>"; };
		49C2550C23F26C6C00B6A3AD /* Assets.xcassets */ = {isa = PBXFileReference; lastKnownFileType = folder.assetcatalog; path = Assets.xcassets; sourceTree = "<group>"; };
		49C2550F23F26C6C00B6A3AD /* Base */ = {isa = PBXFileReference; lastKnownFileType = file.storyboard; name = Base; path = Base.lproj/LaunchScreen.storyboard; sourceTree = "<group>"; };
		49C2551123F26C6C00B6A3AD /* Info.plist */ = {isa = PBXFileReference; lastKnownFileType = text.plist.xml; path = Info.plist; sourceTree = "<group>"; };
		49C2551723F274DE00B6A3AD /* FDLSampleDebug.entitlements */ = {isa = PBXFileReference; lastKnownFileType = text.plist.entitlements; path = FDLSampleDebug.entitlements; sourceTree = "<group>"; };
		49C2551B23F2771A00B6A3AD /* GoogleService-Info.plist */ = {isa = PBXFileReference; fileEncoding = 4; lastKnownFileType = text.plist.xml; path = "GoogleService-Info.plist"; sourceTree = "<group>"; };
		6852102D37BFD9DBEF7B158C /* Pods_FDLSample.framework */ = {isa = PBXFileReference; explicitFileType = wrapper.framework; includeInIndex = 0; path = Pods_FDLSample.framework; sourceTree = BUILT_PRODUCTS_DIR; };
/* End PBXFileReference section */

/* Begin PBXFrameworksBuildPhase section */
		49C254FD23F26C6A00B6A3AD /* Frameworks */ = {
			isa = PBXFrameworksBuildPhase;
			buildActionMask = 2147483647;
			files = (
				448CE5EA09339FAA15FCB838 /* Pods_FDLSample.framework in Frameworks */,
			);
			runOnlyForDeploymentPostprocessing = 0;
		};
/* End PBXFrameworksBuildPhase section */

/* Begin PBXGroup section */
		49C254F723F26C6A00B6A3AD = {
			isa = PBXGroup;
			children = (
				49C2550223F26C6A00B6A3AD /* FDLSample */,
				49C2550123F26C6A00B6A3AD /* Products */,
				4F0E7922A570C7A6C1A00D9C /* Pods */,
				D107D5010462D7B161EC9D4A /* Frameworks */,
			);
			sourceTree = "<group>";
		};
		49C2550123F26C6A00B6A3AD /* Products */ = {
			isa = PBXGroup;
			children = (
				49C2550023F26C6A00B6A3AD /* FDLSample.app */,
			);
			name = Products;
			sourceTree = "<group>";
		};
		49C2550223F26C6A00B6A3AD /* FDLSample */ = {
			isa = PBXGroup;
			children = (
				49C2551823F2759100B6A3AD /* Firebase */,
				49C2551723F274DE00B6A3AD /* FDLSampleDebug.entitlements */,
				49C2550323F26C6A00B6A3AD /* AppDelegate.swift */,
				49C2550523F26C6A00B6A3AD /* SceneDelegate.swift */,
				49C2550723F26C6A00B6A3AD /* ViewController.swift */,
				49C2550923F26C6A00B6A3AD /* Main.storyboard */,
				49C2550C23F26C6C00B6A3AD /* Assets.xcassets */,
				49C2550E23F26C6C00B6A3AD /* LaunchScreen.storyboard */,
				49C2551123F26C6C00B6A3AD /* Info.plist */,
			);
			path = FDLSample;
			sourceTree = "<group>";
		};
		49C2551823F2759100B6A3AD /* Firebase */ = {
			isa = PBXGroup;
			children = (
				49C2551B23F2771A00B6A3AD /* GoogleService-Info.plist */,
			);
			path = Firebase;
			sourceTree = "<group>";
		};
		4F0E7922A570C7A6C1A00D9C /* Pods */ = {
			isa = PBXGroup;
			children = (
				0C18A340FA469F2EDF19A804 /* Pods-FDLSample.debug.xcconfig */,
				01E245F0606DAF19A149068E /* Pods-FDLSample.release.xcconfig */,
			);
			path = Pods;
			sourceTree = "<group>";
		};
		D107D5010462D7B161EC9D4A /* Frameworks */ = {
			isa = PBXGroup;
			children = (
				6852102D37BFD9DBEF7B158C /* Pods_FDLSample.framework */,
			);
			name = Frameworks;
			sourceTree = "<group>";
		};
/* End PBXGroup section */

/* Begin PBXNativeTarget section */
		49C254FF23F26C6A00B6A3AD /* FDLSample */ = {
			isa = PBXNativeTarget;
			buildConfigurationList = 49C2551423F26C6C00B6A3AD /* Build configuration list for PBXNativeTarget "FDLSample" */;
			buildPhases = (
				86BD9C70B653D5472E0082A1 /* [CP] Check Pods Manifest.lock */,
				49C254FC23F26C6A00B6A3AD /* Sources */,
				49C254FD23F26C6A00B6A3AD /* Frameworks */,
				49C254FE23F26C6A00B6A3AD /* Resources */,
				89D1CA3D37C20EB9F1E67523 /* [CP] Embed Pods Frameworks */,
			);
			buildRules = (
			);
			dependencies = (
			);
			name = FDLSample;
			productName = FDLSample;
			productReference = 49C2550023F26C6A00B6A3AD /* FDLSample.app */;
			productType = "com.apple.product-type.application";
		};
/* End PBXNativeTarget section */

/* Begin PBXProject section */
		49C254F823F26C6A00B6A3AD /* Project object */ = {
			isa = PBXProject;
			attributes = {
				LastSwiftUpdateCheck = 1140;
				LastUpgradeCheck = 1140;
				ORGANIZATIONNAME = "今枝 稔晴";
				TargetAttributes = {
					49C254FF23F26C6A00B6A3AD = {
						CreatedOnToolsVersion = 11.4;
					};
				};
			};
			buildConfigurationList = 49C254FB23F26C6A00B6A3AD /* Build configuration list for PBXProject "FDLSample" */;
			compatibilityVersion = "Xcode 9.3";
			developmentRegion = en;
			hasScannedForEncodings = 0;
			knownRegions = (
				en,
				Base,
			);
			mainGroup = 49C254F723F26C6A00B6A3AD;
			productRefGroup = 49C2550123F26C6A00B6A3AD /* Products */;
			projectDirPath = "";
			projectRoot = "";
			targets = (
				49C254FF23F26C6A00B6A3AD /* FDLSample */,
			);
		};
/* End PBXProject section */

/* Begin PBXResourcesBuildPhase section */
		49C254FE23F26C6A00B6A3AD /* Resources */ = {
			isa = PBXResourcesBuildPhase;
			buildActionMask = 2147483647;
			files = (
				49C2551023F26C6C00B6A3AD /* LaunchScreen.storyboard in Resources */,
				49C2551C23F2771A00B6A3AD /* GoogleService-Info.plist in Resources */,
				49C2550D23F26C6C00B6A3AD /* Assets.xcassets in Resources */,
				49C2550B23F26C6A00B6A3AD /* Main.storyboard in Resources */,
			);
			runOnlyForDeploymentPostprocessing = 0;
		};
/* End PBXResourcesBuildPhase section */

/* Begin PBXShellScriptBuildPhase section */
		86BD9C70B653D5472E0082A1 /* [CP] Check Pods Manifest.lock */ = {
			isa = PBXShellScriptBuildPhase;
			buildActionMask = 2147483647;
			files = (
			);
			inputFileListPaths = (
			);
			inputPaths = (
				"${PODS_PODFILE_DIR_PATH}/Podfile.lock",
				"${PODS_ROOT}/Manifest.lock",
			);
			name = "[CP] Check Pods Manifest.lock";
			outputFileListPaths = (
			);
			outputPaths = (
				"$(DERIVED_FILE_DIR)/Pods-FDLSample-checkManifestLockResult.txt",
			);
			runOnlyForDeploymentPostprocessing = 0;
			shellPath = /bin/sh;
			shellScript = "diff \"${PODS_PODFILE_DIR_PATH}/Podfile.lock\" \"${PODS_ROOT}/Manifest.lock\" > /dev/null\nif [ $? != 0 ] ; then\n    # print error to STDERR\n    echo \"error: The sandbox is not in sync with the Podfile.lock. Run 'pod install' or update your CocoaPods installation.\" >&2\n    exit 1\nfi\n# This output is used by Xcode 'outputs' to avoid re-running this script phase.\necho \"SUCCESS\" > \"${SCRIPT_OUTPUT_FILE_0}\"\n";
			showEnvVarsInLog = 0;
		};
		89D1CA3D37C20EB9F1E67523 /* [CP] Embed Pods Frameworks */ = {
			isa = PBXShellScriptBuildPhase;
			buildActionMask = 2147483647;
			files = (
			);
			inputFileListPaths = (
				"${PODS_ROOT}/Target Support Files/Pods-FDLSample/Pods-FDLSample-frameworks-${CONFIGURATION}-input-files.xcfilelist",
			);
			name = "[CP] Embed Pods Frameworks";
			outputFileListPaths = (
				"${PODS_ROOT}/Target Support Files/Pods-FDLSample/Pods-FDLSample-frameworks-${CONFIGURATION}-output-files.xcfilelist",
			);
			runOnlyForDeploymentPostprocessing = 0;
			shellPath = /bin/sh;
			shellScript = "\"${PODS_ROOT}/Target Support Files/Pods-FDLSample/Pods-FDLSample-frameworks.sh\"\n";
			showEnvVarsInLog = 0;
		};
/* End PBXShellScriptBuildPhase section */

/* Begin PBXSourcesBuildPhase section */
		49C254FC23F26C6A00B6A3AD /* Sources */ = {
			isa = PBXSourcesBuildPhase;
			buildActionMask = 2147483647;
			files = (
				49C2550823F26C6A00B6A3AD /* ViewController.swift in Sources */,
				49C2550423F26C6A00B6A3AD /* AppDelegate.swift in Sources */,
				49C2550623F26C6A00B6A3AD /* SceneDelegate.swift in Sources */,
			);
			runOnlyForDeploymentPostprocessing = 0;
		};
/* End PBXSourcesBuildPhase section */

/* Begin PBXVariantGroup section */
		49C2550923F26C6A00B6A3AD /* Main.storyboard */ = {
			isa = PBXVariantGroup;
			children = (
				49C2550A23F26C6A00B6A3AD /* Base */,
			);
			name = Main.storyboard;
			sourceTree = "<group>";
		};
		49C2550E23F26C6C00B6A3AD /* LaunchScreen.storyboard */ = {
			isa = PBXVariantGroup;
			children = (
				49C2550F23F26C6C00B6A3AD /* Base */,
			);
			name = LaunchScreen.storyboard;
			sourceTree = "<group>";
		};
/* End PBXVariantGroup section */

/* Begin XCBuildConfiguration section */
		49C2551223F26C6C00B6A3AD /* Debug */ = {
			isa = XCBuildConfiguration;
			buildSettings = {
				ALWAYS_SEARCH_USER_PATHS = NO;
				CLANG_ANALYZER_NONNULL = YES;
				CLANG_ANALYZER_NUMBER_OBJECT_CONVERSION = YES_AGGRESSIVE;
				CLANG_CXX_LANGUAGE_STANDARD = "gnu++14";
				CLANG_CXX_LIBRARY = "libc++";
				CLANG_ENABLE_MODULES = YES;
				CLANG_ENABLE_OBJC_ARC = YES;
				CLANG_ENABLE_OBJC_WEAK = YES;
				CLANG_WARN_BLOCK_CAPTURE_AUTORELEASING = YES;
				CLANG_WARN_BOOL_CONVERSION = YES;
				CLANG_WARN_COMMA = YES;
				CLANG_WARN_CONSTANT_CONVERSION = YES;
				CLANG_WARN_DEPRECATED_OBJC_IMPLEMENTATIONS = YES;
				CLANG_WARN_DIRECT_OBJC_ISA_USAGE = YES_ERROR;
				CLANG_WARN_DOCUMENTATION_COMMENTS = YES;
				CLANG_WARN_EMPTY_BODY = YES;
				CLANG_WARN_ENUM_CONVERSION = YES;
				CLANG_WARN_INFINITE_RECURSION = YES;
				CLANG_WARN_INT_CONVERSION = YES;
				CLANG_WARN_NON_LITERAL_NULL_CONVERSION = YES;
				CLANG_WARN_OBJC_IMPLICIT_RETAIN_SELF = YES;
				CLANG_WARN_OBJC_LITERAL_CONVERSION = YES;
				CLANG_WARN_OBJC_ROOT_CLASS = YES_ERROR;
				CLANG_WARN_RANGE_LOOP_ANALYSIS = YES;
				CLANG_WARN_STRICT_PROTOTYPES = YES;
				CLANG_WARN_SUSPICIOUS_MOVE = YES;
				CLANG_WARN_UNGUARDED_AVAILABILITY = YES_AGGRESSIVE;
				CLANG_WARN_UNREACHABLE_CODE = YES;
				CLANG_WARN__DUPLICATE_METHOD_MATCH = YES;
				COPY_PHASE_STRIP = NO;
				DEBUG_INFORMATION_FORMAT = dwarf;
				ENABLE_STRICT_OBJC_MSGSEND = YES;
				ENABLE_TESTABILITY = YES;
				GCC_C_LANGUAGE_STANDARD = gnu11;
				GCC_DYNAMIC_NO_PIC = NO;
				GCC_NO_COMMON_BLOCKS = YES;
				GCC_OPTIMIZATION_LEVEL = 0;
				GCC_PREPROCESSOR_DEFINITIONS = (
					"DEBUG=1",
					"$(inherited)",
				);
				GCC_WARN_64_TO_32_BIT_CONVERSION = YES;
				GCC_WARN_ABOUT_RETURN_TYPE = YES_ERROR;
				GCC_WARN_UNDECLARED_SELECTOR = YES;
				GCC_WARN_UNINITIALIZED_AUTOS = YES_AGGRESSIVE;
				GCC_WARN_UNUSED_FUNCTION = YES;
				GCC_WARN_UNUSED_VARIABLE = YES;
				IPHONEOS_DEPLOYMENT_TARGET = 13.0;
				MTL_ENABLE_DEBUG_INFO = INCLUDE_SOURCE;
				MTL_FAST_MATH = YES;
				ONLY_ACTIVE_ARCH = YES;
				SDKROOT = iphoneos;
				SWIFT_ACTIVE_COMPILATION_CONDITIONS = DEBUG;
				SWIFT_OPTIMIZATION_LEVEL = "-Onone";
			};
			name = Debug;
		};
		49C2551323F26C6C00B6A3AD /* Release */ = {
			isa = XCBuildConfiguration;
			buildSettings = {
				ALWAYS_SEARCH_USER_PATHS = NO;
				CLANG_ANALYZER_NONNULL = YES;
				CLANG_ANALYZER_NUMBER_OBJECT_CONVERSION = YES_AGGRESSIVE;
				CLANG_CXX_LANGUAGE_STANDARD = "gnu++14";
				CLANG_CXX_LIBRARY = "libc++";
				CLANG_ENABLE_MODULES = YES;
				CLANG_ENABLE_OBJC_ARC = YES;
				CLANG_ENABLE_OBJC_WEAK = YES;
				CLANG_WARN_BLOCK_CAPTURE_AUTORELEASING = YES;
				CLANG_WARN_BOOL_CONVERSION = YES;
				CLANG_WARN_COMMA = YES;
				CLANG_WARN_CONSTANT_CONVERSION = YES;
				CLANG_WARN_DEPRECATED_OBJC_IMPLEMENTATIONS = YES;
				CLANG_WARN_DIRECT_OBJC_ISA_USAGE = YES_ERROR;
				CLANG_WARN_DOCUMENTATION_COMMENTS = YES;
				CLANG_WARN_EMPTY_BODY = YES;
				CLANG_WARN_ENUM_CONVERSION = YES;
				CLANG_WARN_INFINITE_RECURSION = YES;
				CLANG_WARN_INT_CONVERSION = YES;
				CLANG_WARN_NON_LITERAL_NULL_CONVERSION = YES;
				CLANG_WARN_OBJC_IMPLICIT_RETAIN_SELF = YES;
				CLANG_WARN_OBJC_LITERAL_CONVERSION = YES;
				CLANG_WARN_OBJC_ROOT_CLASS = YES_ERROR;
				CLANG_WARN_RANGE_LOOP_ANALYSIS = YES;
				CLANG_WARN_STRICT_PROTOTYPES = YES;
				CLANG_WARN_SUSPICIOUS_MOVE = YES;
				CLANG_WARN_UNGUARDED_AVAILABILITY = YES_AGGRESSIVE;
				CLANG_WARN_UNREACHABLE_CODE = YES;
				CLANG_WARN__DUPLICATE_METHOD_MATCH = YES;
				COPY_PHASE_STRIP = NO;
				DEBUG_INFORMATION_FORMAT = "dwarf-with-dsym";
				ENABLE_NS_ASSERTIONS = NO;
				ENABLE_STRICT_OBJC_MSGSEND = YES;
				GCC_C_LANGUAGE_STANDARD = gnu11;
				GCC_NO_COMMON_BLOCKS = YES;
				GCC_WARN_64_TO_32_BIT_CONVERSION = YES;
				GCC_WARN_ABOUT_RETURN_TYPE = YES_ERROR;
				GCC_WARN_UNDECLARED_SELECTOR = YES;
				GCC_WARN_UNINITIALIZED_AUTOS = YES_AGGRESSIVE;
				GCC_WARN_UNUSED_FUNCTION = YES;
				GCC_WARN_UNUSED_VARIABLE = YES;
				IPHONEOS_DEPLOYMENT_TARGET = 13.0;
				MTL_ENABLE_DEBUG_INFO = NO;
				MTL_FAST_MATH = YES;
				SDKROOT = iphoneos;
				SWIFT_COMPILATION_MODE = wholemodule;
				SWIFT_OPTIMIZATION_LEVEL = "-O";
				VALIDATE_PRODUCT = YES;
			};
			name = Release;
		};
		49C2551523F26C6C00B6A3AD /* Debug */ = {
			isa = XCBuildConfiguration;
			baseConfigurationReference = 0C18A340FA469F2EDF19A804 /* Pods-FDLSample.debug.xcconfig */;
			buildSettings = {
				ASSETCATALOG_COMPILER_APPICON_NAME = AppIcon;
				CODE_SIGN_ENTITLEMENTS = FDLSample/FDLSampleDebug.entitlements;
				CODE_SIGN_IDENTITY = "iPhone Developer";
				CODE_SIGN_STYLE = Manual;
				DEVELOPMENT_TEAM = 67NJZVUMG3;
				INFOPLIST_FILE = FDLSample/Info.plist;
				LD_RUNPATH_SEARCH_PATHS = (
					"$(inherited)",
					"@executable_path/Frameworks",
				);
				PRODUCT_BUNDLE_IDENTIFIER = branch10480.FDLSample;
				PRODUCT_NAME = "$(TARGET_NAME)";
				PROVISIONING_PROFILE_SPECIFIER = "FDL Dev";
				SWIFT_VERSION = 5.0;
				TARGETED_DEVICE_FAMILY = "1,2";
			};
			name = Debug;
		};
		49C2551623F26C6C00B6A3AD /* Release */ = {
			isa = XCBuildConfiguration;
			baseConfigurationReference = 01E245F0606DAF19A149068E /* Pods-FDLSample.release.xcconfig */;
			buildSettings = {
				ASSETCATALOG_COMPILER_APPICON_NAME = AppIcon;
				CODE_SIGN_IDENTITY = "iPhone Distribution";
				CODE_SIGN_STYLE = Manual;
				DEVELOPMENT_TEAM = 67NJZVUMG3;
				INFOPLIST_FILE = FDLSample/Info.plist;
				LD_RUNPATH_SEARCH_PATHS = (
					"$(inherited)",
					"@executable_path/Frameworks",
				);
				PRODUCT_BUNDLE_IDENTIFIER = branch10480.FDLSample;
				PRODUCT_NAME = "$(TARGET_NAME)";
				PROVISIONING_PROFILE_SPECIFIER = "FDL AppStore";
				SWIFT_VERSION = 5.0;
				TARGETED_DEVICE_FAMILY = "1,2";
			};
			name = Release;
		};
/* End XCBuildConfiguration section */

/* Begin XCConfigurationList section */
		49C254FB23F26C6A00B6A3AD /* Build configuration list for PBXProject "FDLSample" */ = {
			isa = XCConfigurationList;
			buildConfigurations = (
				49C2551223F26C6C00B6A3AD /* Debug */,
				49C2551323F26C6C00B6A3AD /* Release */,
			);
			defaultConfigurationIsVisible = 0;
			defaultConfigurationName = Release;
		};
		49C2551423F26C6C00B6A3AD /* Build configuration list for PBXNativeTarget "FDLSample" */ = {
			isa = XCConfigurationList;
			buildConfigurations = (
				49C2551523F26C6C00B6A3AD /* Debug */,
				49C2551623F26C6C00B6A3AD /* Release */,
			);
			defaultConfigurationIsVisible = 0;
			defaultConfigurationName = Release;
		};
/* End XCConfigurationList section */
	};
	rootObject = 49C254F823F26C6A00B6A3AD /* Project object */;
}
